# THIS IS AN AUTOGENERATED FILE. DO NOT EDIT THIS FILE DIRECTLY.
# yarn lockfile v1


html-tags@^3.1.0:
  version "3.1.0"
  resolved "https://registry.yarnpkg.com/html-tags/-/html-tags-3.1.0.tgz#7b5e6f7e665e9fb41f30007ed9e0d41e97fb2140"
  integrity sha512-1qYz89hW3lFDEazhjW0yVAV87lw8lVkrJocr72XmBkMKsoSVJCQx3W8BXsC7hO2qAt8BoVjYjtAcZ9perqGnNg==

preact@*:
  version "10.6.4"
  resolved "https://registry.yarnpkg.com/preact/-/preact-10.6.4.tgz#ad12c409ff1b4316158486e0a7b8d43636f7ced8"
  integrity sha512-WyosM7pxGcndU8hY0OQlLd54tOU+qmG45QXj2dAYrL11HoyU/EzOSTlpJsirbBr1QW7lICxSsVJJmcmUglovHQ==
